
Microsoft Visual Studio Solution File, Format Version 12.00
# Visual Studio Version 17
VisualStudioVersion = 17.7.34221.43
MinimumVisualStudioVersion = 10.0.40219.1
Project("{FAE04EC0-301F-11D3-BF4B-00C04F79EFBC}") = "FunkoApi", "FunkoApi.csproj", "{759FDF1D-EC4E-4113-86A4-6A79535507B0}"
EndProject
Global
	GlobalSection(SolutionConfigurationPlatforms) = preSolution
		Debug|Any CPU = Debug|Any CPU
		Release|Any CPU = Release|Any CPU
	EndGlobalSection
	GlobalSection(ProjectConfigurationPlatforms) = postSolution
		{759FDF1D-EC4E-4113-86A4-6A79535507B0}.Debug|Any CPU.ActiveCfg = Debug|Any CPU
		{759FDF1D-EC4E-4113-86A4-6A79535507B0}.Debug|Any CPU.Build.0 = Debug|Any CPU
		{759FDF1D-EC4E-4113-86A4-6A79535507B0}.Release|Any CPU.ActiveCfg = Release|Any CPU
		{759FDF1D-EC4E-4113-86A4-6A79535507B0}.Release|Any CPU.Build.0 = Release|Any CPU
	EndGlobalSection
	GlobalSection(SolutionProperties) = preSolution
		HideSolutionNode = FALSE
	EndGlobalSection
	GlobalSection(ExtensibilityGlobals) = postSolution
		SolutionGuid = {1DA9A2C1-036B-419E-B461-D513F2D4ED88}
	EndGlobalSection
EndGlobal
